
Microsoft Visual Studio Solution File, Format Version 12.00
Project("{FAE04EC0-301F-11D3-BF4B-00C04F79EFBC}") = "nightly.xam.keyboardevents.sample", "nightly.xam.keyboardevents.sample\nightly.xam.keyboardevents.sample\nightly.xam.keyboardevents.sample.csproj", "{DECF8948-C10B-4890-AEA2-722B9D183C21}"
EndProject
Project("{FAE04EC0-301F-11D3-BF4B-00C04F79EFBC}") = "nightly.xam.keyboardevents.sample.Android", "nightly.xam.keyboardevents.sample\nightly.xam.keyboardevents.sample.Android\nightly.xam.keyboardevents.sample.Android.csproj", "{6943E928-FE50-4C52-8A80-0B064C699D95}"
EndProject
Project("{FAE04EC0-301F-11D3-BF4B-00C04F79EFBC}") = "nightly.xam.keyboardevents.sample.iOS", "nightly.xam.keyboardevents.sample\nightly.xam.keyboardevents.sample.iOS\nightly.xam.keyboardevents.sample.iOS.csproj", "{169427F2-3B83-42AA-B403-39515F59F6B1}"
EndProject
Global
	GlobalSection(SolutionConfigurationPlatforms) = preSolution
		Ad-Hoc|iPhone = Ad-Hoc|iPhone
		AppStore|iPhone = AppStore|iPhone
		Debug|Any CPU = Debug|Any CPU
		Debug|iPhone = Debug|iPhone
		Debug|iPhoneSimulator = Debug|iPhoneSimulator
		Release|Any CPU = Release|Any CPU
		Release|iPhone = Release|iPhone
		Release|iPhoneSimulator = Release|iPhoneSimulator
	EndGlobalSection
	GlobalSection(ProjectConfigurationPlatforms) = postSolution
		{DECF8948-C10B-4890-AEA2-722B9D183C21}.Ad-Hoc|iPhone.ActiveCfg = Debug|Any CPU
		{DECF8948-C10B-4890-AEA2-722B9D183C21}.Ad-Hoc|iPhone.Build.0 = Debug|Any CPU
		{DECF8948-C10B-4890-AEA2-722B9D183C21}.AppStore|iPhone.ActiveCfg = Debug|Any CPU
		{DECF8948-C10B-4890-AEA2-722B9D183C21}.AppStore|iPhone.Build.0 = Debug|Any CPU
		{DECF8948-C10B-4890-AEA2-722B9D183C21}.Debug|Any CPU.ActiveCfg = Debug|Any CPU
		{DECF8948-C10B-4890-AEA2-722B9D183C21}.Debug|Any CPU.Build.0 = Debug|Any CPU
		{DECF8948-C10B-4890-AEA2-722B9D183C21}.Debug|iPhone.ActiveCfg = Debug|Any CPU
		{DECF8948-C10B-4890-AEA2-722B9D183C21}.Debug|iPhone.Build.0 = Debug|Any CPU
		{DECF8948-C10B-4890-AEA2-722B9D183C21}.Debug|iPhoneSimulator.ActiveCfg = Debug|Any CPU
		{DECF8948-C10B-4890-AEA2-722B9D183C21}.Debug|iPhoneSimulator.Build.0 = Debug|Any CPU
		{DECF8948-C10B-4890-AEA2-722B9D183C21}.Release|Any CPU.ActiveCfg = Release|Any CPU
		{DECF8948-C10B-4890-AEA2-722B9D183C21}.Release|Any CPU.Build.0 = Release|Any CPU
		{DECF8948-C10B-4890-AEA2-722B9D183C21}.Release|iPhone.ActiveCfg = Release|Any CPU
		{DECF8948-C10B-4890-AEA2-722B9D183C21}.Release|iPhone.Build.0 = Release|Any CPU
		{DECF8948-C10B-4890-AEA2-722B9D183C21}.Release|iPhoneSimulator.ActiveCfg = Release|Any CPU
		{DECF8948-C10B-4890-AEA2-722B9D183C21}.Release|iPhoneSimulator.Build.0 = Release|Any CPU
		{6943E928-FE50-4C52-8A80-0B064C699D95}.Ad-Hoc|iPhone.ActiveCfg = Debug|Any CPU
		{6943E928-FE50-4C52-8A80-0B064C699D95}.Ad-Hoc|iPhone.Build.0 = Debug|Any CPU
		{6943E928-FE50-4C52-8A80-0B064C699D95}.Ad-Hoc|iPhone.Deploy.0 = Debug|Any CPU
		{6943E928-FE50-4C52-8A80-0B064C699D95}.AppStore|iPhone.ActiveCfg = Debug|Any CPU
		{6943E928-FE50-4C52-8A80-0B064C699D95}.AppStore|iPhone.Build.0 = Debug|Any CPU
		{6943E928-FE50-4C52-8A80-0B064C699D95}.AppStore|iPhone.Deploy.0 = Debug|Any CPU
		{6943E928-FE50-4C52-8A80-0B064C699D95}.Debug|Any CPU.ActiveCfg = Debug|Any CPU
		{6943E928-FE50-4C52-8A80-0B064C699D95}.Debug|Any CPU.Build.0 = Debug|Any CPU
		{6943E928-FE50-4C52-8A80-0B064C699D95}.Debug|Any CPU.Deploy.0 = Debug|Any CPU
		{6943E928-FE50-4C52-8A80-0B064C699D95}.Debug|iPhone.ActiveCfg = Debug|Any CPU
		{6943E928-FE50-4C52-8A80-0B064C699D95}.Debug|iPhone.Build.0 = Debug|Any CPU
		{6943E928-FE50-4C52-8A80-0B064C699D95}.Debug|iPhone.Deploy.0 = Debug|Any CPU
		{6943E928-FE50-4C52-8A80-0B064C699D95}.Debug|iPhoneSimulator.ActiveCfg = Debug|Any CPU
		{6943E928-FE50-4C52-8A80-0B064C699D95}.Debug|iPhoneSimulator.Build.0 = Debug|Any CPU
		{6943E928-FE50-4C52-8A80-0B064C699D95}.Debug|iPhoneSimulator.Deploy.0 = Debug|Any CPU
		{6943E928-FE50-4C52-8A80-0B064C699D95}.Release|Any CPU.ActiveCfg = Release|Any CPU
		{6943E928-FE50-4C52-8A80-0B064C699D95}.Release|Any CPU.Build.0 = Release|Any CPU
		{6943E928-FE50-4C52-8A80-0B064C699D95}.Release|Any CPU.Deploy.0 = Release|Any CPU
		{6943E928-FE50-4C52-8A80-0B064C699D95}.Release|iPhone.ActiveCfg = Release|Any CPU
		{6943E928-FE50-4C52-8A80-0B064C699D95}.Release|iPhone.Build.0 = Release|Any CPU
		{6943E928-FE50-4C52-8A80-0B064C699D95}.Release|iPhone.Deploy.0 = Release|Any CPU
		{6943E928-FE50-4C52-8A80-0B064C699D95}.Release|iPhoneSimulator.ActiveCfg = Release|Any CPU
		{6943E928-FE50-4C52-8A80-0B064C699D95}.Release|iPhoneSimulator.Build.0 = Release|Any CPU
		{6943E928-FE50-4C52-8A80-0B064C699D95}.Release|iPhoneSimulator.Deploy.0 = Release|Any CPU
		{169427F2-3B83-42AA-B403-39515F59F6B1}.Ad-Hoc|iPhone.ActiveCfg = Ad-Hoc|iPhone
		{169427F2-3B83-42AA-B403-39515F59F6B1}.Ad-Hoc|iPhone.Build.0 = Ad-Hoc|iPhone
		{169427F2-3B83-42AA-B403-39515F59F6B1}.Ad-Hoc|iPhone.Deploy.0 = Ad-Hoc|iPhone
		{169427F2-3B83-42AA-B403-39515F59F6B1}.AppStore|iPhone.ActiveCfg = AppStore|iPhone
		{169427F2-3B83-42AA-B403-39515F59F6B1}.AppStore|iPhone.Build.0 = AppStore|iPhone
		{169427F2-3B83-42AA-B403-39515F59F6B1}.AppStore|iPhone.Deploy.0 = AppStore|iPhone
		{169427F2-3B83-42AA-B403-39515F59F6B1}.Debug|Any CPU.ActiveCfg = Debug|iPhoneSimulator
		{169427F2-3B83-42AA-B403-39515F59F6B1}.Debug|Any CPU.Build.0 = Debug|iPhoneSimulator
		{169427F2-3B83-42AA-B403-39515F59F6B1}.Debug|Any CPU.Deploy.0 = Debug|iPhoneSimulator
		{169427F2-3B83-42AA-B403-39515F59F6B1}.Debug|iPhone.ActiveCfg = Debug|iPhone
		{169427F2-3B83-42AA-B403-39515F59F6B1}.Debug|iPhone.Build.0 = Debug|iPhone
		{169427F2-3B83-42AA-B403-39515F59F6B1}.Debug|iPhone.Deploy.0 = Debug|iPhone
		{169427F2-3B83-42AA-B403-39515F59F6B1}.Debug|iPhoneSimulator.ActiveCfg = Debug|iPhoneSimulator
		{169427F2-3B83-42AA-B403-39515F59F6B1}.Debug|iPhoneSimulator.Build.0 = Debug|iPhoneSimulator
		{169427F2-3B83-42AA-B403-39515F59F6B1}.Debug|iPhoneSimulator.Deploy.0 = Debug|iPhoneSimulator
		{169427F2-3B83-42AA-B403-39515F59F6B1}.Release|Any CPU.ActiveCfg = Release|iPhoneSimulator
		{169427F2-3B83-42AA-B403-39515F59F6B1}.Release|Any CPU.Build.0 = Release|iPhoneSimulator
		{169427F2-3B83-42AA-B403-39515F59F6B1}.Release|Any CPU.Deploy.0 = Release|iPhoneSimulator
		{169427F2-3B83-42AA-B403-39515F59F6B1}.Release|iPhone.ActiveCfg = Release|iPhone
		{169427F2-3B83-42AA-B403-39515F59F6B1}.Release|iPhone.Build.0 = Release|iPhone
		{169427F2-3B83-42AA-B403-39515F59F6B1}.Release|iPhone.Deploy.0 = Release|iPhone
		{169427F2-3B83-42AA-B403-39515F59F6B1}.Release|iPhoneSimulator.ActiveCfg = Release|iPhoneSimulator
		{169427F2-3B83-42AA-B403-39515F59F6B1}.Release|iPhoneSimulator.Build.0 = Release|iPhoneSimulator
		{169427F2-3B83-42AA-B403-39515F59F6B1}.Release|iPhoneSimulator.Deploy.0 = Release|iPhoneSimulator
	EndGlobalSection
EndGlobal
